{
    "_readme": [
        "This file locks the dependencies of your project to a known state",
        "Read more about it at http://getcomposer.org/doc/01-basic-usage.md#composer-lock-the-lock-file"
    ],
    "hash": "66e27a0774cc2aa038a3e6d108b56309",
    "packages": [
        {
            "name": "bshaffer/oauth2-server-httpfoundation-bridge",
            "version": "dev-master",
            "source": {
                "type": "git",
                "url": "https://github.com/bshaffer/oauth2-server-httpfoundation-bridge.git",
                "reference": "e22b056db7a2431172eb21a32f2fd27fe2d0aad6"
            },
            "dist": {
                "type": "zip",
                "url": "https://api.github.com/repos/bshaffer/oauth2-server-httpfoundation-bridge/zipball/e22b056db7a2431172eb21a32f2fd27fe2d0aad6",
                "reference": "e22b056db7a2431172eb21a32f2fd27fe2d0aad6",
                "shasum": ""
            },
            "require": {
                "php": ">=5.3.0"
            },
            "type": "library",
            "autoload": {
                "psr-0": {
                    "OAuth2\\HttpFoundationBridge": "src/"
                }
            },
            "notification-url": "https://packagist.org/downloads/",
            "license": [
                "MIT"
            ],
            "authors": [
                {
                    "name": "Brent Shaffer",
                    "email": "bshafs@gmail.com",
                    "homepage": "http://brentertainment.com"
                }
            ],
            "description": "A bridge to HttpFoundation for oauth2-server-php",
            "homepage": "http://github.com/bshaffer/oauth2-server-httpfoundation-bridge",
            "keywords": [
                "auth",
                "httpfoundation",
                "oauth",
                "oauth2"
            ],
            "time": "2013-10-31 22:24:19"
        },
        {
            "name": "bshaffer/oauth2-server-php",
            "version": "dev-develop",
            "source": {
                "type": "git",
                "url": "https://github.com/bshaffer/oauth2-server-php.git",
                "reference": "75739ef90b4c1b05404d36cb3db167e9e6074757"
            },
            "dist": {
                "type": "zip",
                "url": "https://api.github.com/repos/bshaffer/oauth2-server-php/zipball/75739ef90b4c1b05404d36cb3db167e9e6074757",
                "reference": "75739ef90b4c1b05404d36cb3db167e9e6074757",
                "shasum": ""
            },
            "require": {
                "php": ">=5.2.0"
            },
            "type": "library",
            "autoload": {
                "psr-0": {
                    "OAuth2": "src/"
                }
            },
            "notification-url": "https://packagist.org/downloads/",
            "license": [
                "MIT"
            ],
            "authors": [
                {
                    "name": "Brent Shaffer",
                    "email": "bshafs@gmail.com",
                    "homepage": "http://brentertainment.com"
                }
            ],
            "description": "OAuth2 Server for PHP",
            "homepage": "http://github.com/bshaffer/oauth2-server-php",
            "keywords": [
                "auth",
                "oauth",
                "oauth2"
            ],
            "time": "2013-10-31 23:41:10"
        },
        {
            "name": "pimple/pimple",
            "version": "dev-master",
            "source": {
                "type": "git",
                "url": "https://github.com/fabpot/Pimple.git",
                "reference": "471c7d7c52ad6594e17b8ec33efdd1be592b5d83"
            },
            "dist": {
                "type": "zip",
                "url": "https://api.github.com/repos/fabpot/Pimple/zipball/471c7d7c52ad6594e17b8ec33efdd1be592b5d83",
                "reference": "471c7d7c52ad6594e17b8ec33efdd1be592b5d83",
                "shasum": ""
            },
            "require": {
                "php": ">=5.3.0"
            },
            "type": "library",
            "extra": {
                "branch-alias": {
                    "dev-master": "1.1.x-dev"
                }
            },
            "autoload": {
                "psr-0": {
                    "Pimple": "lib/"
                }
            },
            "notification-url": "https://packagist.org/downloads/",
            "license": [
                "MIT"
            ],
            "authors": [
                {
                    "name": "Fabien Potencier",
                    "email": "fabien@symfony.com"
                }
            ],
            "description": "Pimple is a simple Dependency Injection Container for PHP 5.3",
            "homepage": "http://pimple.sensiolabs.org",
            "keywords": [
                "container",
                "dependency injection"
            ],
            "time": "2013-09-19 04:53:08"
        },
        {
            "name": "psr/log",
            "version": "1.0.0",
            "source": {
                "type": "git",
                "url": "https://github.com/php-fig/log.git",
                "reference": "fe0936ee26643249e916849d48e3a51d5f5e278b"
            },
            "dist": {
                "type": "zip",
                "url": "https://api.github.com/repos/php-fig/log/zipball/fe0936ee26643249e916849d48e3a51d5f5e278b",
                "reference": "fe0936ee26643249e916849d48e3a51d5f5e278b",
                "shasum": ""
            },
            "type": "library",
            "autoload": {
                "psr-0": {
                    "Psr\\Log\\": ""
                }
            },
            "notification-url": "https://packagist.org/downloads/",
            "license": [
                "MIT"
            ],
            "authors": [
                {
                    "name": "PHP-FIG",
                    "homepage": "http://www.php-fig.org/"
                }
            ],
            "description": "Common interface for logging libraries",
            "keywords": [
                "log",
                "psr",
                "psr-3"
            ],
            "time": "2012-12-21 11:40:51"
        },
        {
            "name": "silex/silex",
            "version": "dev-master",
            "source": {
                "type": "git",
                "url": "https://github.com/fabpot/Silex.git",
                "reference": "67891b29678f55af1b4f2b06eec613fe0c193b03"
            },
            "dist": {
                "type": "zip",
                "url": "https://api.github.com/repos/fabpot/Silex/zipball/67891b29678f55af1b4f2b06eec613fe0c193b03",
                "reference": "67891b29678f55af1b4f2b06eec613fe0c193b03",
                "shasum": ""
            },
            "require": {
                "php": ">=5.3.3",
                "pimple/pimple": "~1.0",
                "symfony/event-dispatcher": ">=2.3,<2.5-dev",
                "symfony/http-foundation": ">=2.3,<2.5-dev",
                "symfony/http-kernel": ">=2.3,<2.5-dev",
                "symfony/routing": ">=2.3,<2.5-dev"
            },
            "require-dev": {
                "doctrine/dbal": ">=2.2.0,<2.4.0-dev",
                "monolog/monolog": "~1.4,>=1.4.1",
                "phpunit/phpunit": "~3.7",
                "swiftmailer/swiftmailer": "5.*",
                "symfony/browser-kit": ">=2.3,<2.5-dev",
                "symfony/config": ">=2.3,<2.5-dev",
                "symfony/css-selector": ">=2.3,<2.5-dev",
                "symfony/debug": ">=2.3,<2.5-dev",
                "symfony/dom-crawler": ">=2.3,<2.5-dev",
                "symfony/finder": ">=2.3,<2.5-dev",
                "symfony/form": ">=2.3,<2.5-dev",
                "symfony/locale": ">=2.3,<2.5-dev",
                "symfony/monolog-bridge": ">=2.3,<2.5-dev",
                "symfony/options-resolver": ">=2.3,<2.5-dev",
                "symfony/process": ">=2.3,<2.5-dev",
                "symfony/security": ">=2.3,<2.5-dev",
                "symfony/serializer": ">=2.3,<2.5-dev",
                "symfony/translation": ">=2.3,<2.5-dev",
                "symfony/twig-bridge": ">=2.3,<2.5-dev",
                "symfony/validator": ">=2.3,<2.5-dev",
                "twig/twig": ">=1.8.0,<2.0-dev"
            },
            "suggest": {
                "symfony/browser-kit": ">=2.3,<2.5-dev",
                "symfony/css-selector": ">=2.3,<2.5-dev",
                "symfony/dom-crawler": ">=2.3,<2.5-dev",
                "symfony/form": ">=2.3,<2.5-dev"
            },
            "type": "library",
            "extra": {
                "branch-alias": {
                    "dev-master": "1.2.x-dev"
                }
            },
            "autoload": {
                "psr-0": {
                    "Silex": "src/"
                }
            },
            "notification-url": "https://packagist.org/downloads/",
            "license": [
                "MIT"
            ],
            "authors": [
                {
                    "name": "Fabien Potencier",
                    "email": "fabien@symfony.com"
                },
                {
                    "name": "Igor Wiedler",
                    "email": "igor@wiedler.ch",
                    "homepage": "http://wiedler.ch/igor/"
                }
            ],
            "description": "The PHP micro-framework based on the Symfony2 Components",
            "homepage": "http://silex.sensiolabs.org",
            "keywords": [
                "microframework"
            ],
            "time": "2013-10-31 09:24:54"
        },
        {
            "name": "symfony/debug",
            "version": "dev-master",
            "target-dir": "Symfony/Component/Debug",
            "source": {
                "type": "git",
                "url": "https://github.com/symfony/Debug.git",
                "reference": "d0677a68259c45b0ef737dd726f9a2962e01746b"
            },
            "dist": {
                "type": "zip",
                "url": "https://api.github.com/repos/symfony/Debug/zipball/d0677a68259c45b0ef737dd726f9a2962e01746b",
                "reference": "d0677a68259c45b0ef737dd726f9a2962e01746b",
                "shasum": ""
            },
            "require": {
                "php": ">=5.3.3"
            },
            "require-dev": {
                "symfony/http-foundation": "~2.1",
                "symfony/http-kernel": "~2.1"
            },
            "suggest": {
                "symfony/http-foundation": "",
                "symfony/http-kernel": ""
            },
            "type": "library",
            "extra": {
                "branch-alias": {
                    "dev-master": "2.4-dev"
                }
            },
            "autoload": {
                "psr-0": {
                    "Symfony\\Component\\Debug\\": ""
                }
            },
            "notification-url": "https://packagist.org/downloads/",
            "license": [
                "MIT"
            ],
            "authors": [
                {
                    "name": "Fabien Potencier",
                    "email": "fabien@symfony.com"
                },
                {
                    "name": "Symfony Community",
                    "homepage": "http://symfony.com/contributors"
                }
            ],
            "description": "Symfony Debug Component",
            "homepage": "http://symfony.com",
            "time": "2013-10-30 08:31:46"
        },
        {
            "name": "symfony/event-dispatcher",
            "version": "dev-master",
            "target-dir": "Symfony/Component/EventDispatcher",
            "source": {
                "type": "git",
                "url": "https://github.com/symfony/EventDispatcher.git",
                "reference": "d51d78b34c1d9dcc384ba48155105fe99284dd67"
            },
            "dist": {
                "type": "zip",
                "url": "https://api.github.com/repos/symfony/EventDispatcher/zipball/d51d78b34c1d9dcc384ba48155105fe99284dd67",
                "reference": "d51d78b34c1d9dcc384ba48155105fe99284dd67",
                "shasum": ""
            },
            "require": {
                "php": ">=5.3.3"
            },
            "require-dev": {
                "symfony/dependency-injection": "~2.0"
            },
            "suggest": {
                "symfony/dependency-injection": "",
                "symfony/http-kernel": ""
            },
            "type": "library",
            "extra": {
                "branch-alias": {
                    "dev-master": "2.4-dev"
                }
            },
            "autoload": {
                "psr-0": {
                    "Symfony\\Component\\EventDispatcher\\": ""
                }
            },
            "notification-url": "https://packagist.org/downloads/",
            "license": [
                "MIT"
            ],
            "authors": [
                {
                    "name": "Fabien Potencier",
                    "email": "fabien@symfony.com"
                },
                {
                    "name": "Symfony Community",
                    "homepage": "http://symfony.com/contributors"
                }
            ],
            "description": "Symfony EventDispatcher Component",
            "homepage": "http://symfony.com",
            "time": "2013-10-17 11:48:11"
        },
        {
            "name": "symfony/http-foundation",
            "version": "dev-master",
            "target-dir": "Symfony/Component/HttpFoundation",
            "source": {
                "type": "git",
                "url": "https://github.com/symfony/HttpFoundation.git",
                "reference": "b4f4f9f42f7cbbf3796dd724ed66f455a160c89f"
            },
            "dist": {
                "type": "zip",
                "url": "https://api.github.com/repos/symfony/HttpFoundation/zipball/b4f4f9f42f7cbbf3796dd724ed66f455a160c89f",
                "reference": "b4f4f9f42f7cbbf3796dd724ed66f455a160c89f",
                "shasum": ""
            },
            "require": {
                "php": ">=5.3.3"
            },
            "type": "library",
            "extra": {
                "branch-alias": {
                    "dev-master": "2.4-dev"
                }
            },
            "autoload": {
                "psr-0": {
                    "Symfony\\Component\\HttpFoundation\\": ""
                },
                "classmap": [
                    "Symfony/Component/HttpFoundation/Resources/stubs"
                ]
            },
            "notification-url": "https://packagist.org/downloads/",
            "license": [
                "MIT"
            ],
            "authors": [
                {
                    "name": "Fabien Potencier",
                    "email": "fabien@symfony.com"
                },
                {
                    "name": "Symfony Community",
                    "homepage": "http://symfony.com/contributors"
                }
            ],
            "description": "Symfony HttpFoundation Component",
            "homepage": "http://symfony.com",
            "time": "2013-10-30 08:33:58"
        },
        {
            "name": "symfony/http-kernel",
            "version": "dev-master",
            "target-dir": "Symfony/Component/HttpKernel",
            "source": {
                "type": "git",
                "url": "https://github.com/symfony/HttpKernel.git",
                "reference": "659660b8fe3a3de84b9d92993eea2b7a1db851aa"
            },
            "dist": {
                "type": "zip",
                "url": "https://api.github.com/repos/symfony/HttpKernel/zipball/659660b8fe3a3de84b9d92993eea2b7a1db851aa",
                "reference": "659660b8fe3a3de84b9d92993eea2b7a1db851aa",
                "shasum": ""
            },
            "require": {
                "php": ">=5.3.3",
                "psr/log": "~1.0",
                "symfony/debug": "~2.3",
                "symfony/event-dispatcher": "~2.1",
                "symfony/http-foundation": "~2.4"
            },
            "require-dev": {
                "symfony/browser-kit": "~2.2",
                "symfony/class-loader": "~2.1",
                "symfony/config": "~2.0",
                "symfony/console": "~2.2",
                "symfony/dependency-injection": "~2.0",
                "symfony/finder": "~2.0",
                "symfony/process": "~2.0",
                "symfony/routing": "~2.2",
                "symfony/stopwatch": "~2.2",
                "symfony/templating": "~2.2"
            },
            "suggest": {
                "symfony/browser-kit": "",
                "symfony/class-loader": "",
                "symfony/config": "",
                "symfony/console": "",
                "symfony/dependency-injection": "",
                "symfony/finder": ""
            },
            "type": "library",
            "extra": {
                "branch-alias": {
                    "dev-master": "2.4-dev"
                }
            },
            "autoload": {
                "psr-0": {
                    "Symfony\\Component\\HttpKernel\\": ""
                }
            },
            "notification-url": "https://packagist.org/downloads/",
            "license": [
                "MIT"
            ],
            "authors": [
                {
                    "name": "Fabien Potencier",
                    "email": "fabien@symfony.com"
                },
                {
                    "name": "Symfony Community",
                    "homepage": "http://symfony.com/contributors"
                }
            ],
            "description": "Symfony HttpKernel Component",
            "homepage": "http://symfony.com",
            "time": "2013-10-31 11:15:14"
        },
        {
            "name": "symfony/routing",
            "version": "dev-master",
            "target-dir": "Symfony/Component/Routing",
            "source": {
                "type": "git",
                "url": "https://github.com/symfony/Routing.git",
                "reference": "5b59329198eb40039d9dbfd85aefefc35f442ea2"
            },
            "dist": {
                "type": "zip",
                "url": "https://api.github.com/repos/symfony/Routing/zipball/5b59329198eb40039d9dbfd85aefefc35f442ea2",
                "reference": "5b59329198eb40039d9dbfd85aefefc35f442ea2",
                "shasum": ""
            },
            "require": {
                "php": ">=5.3.3"
            },
            "require-dev": {
                "doctrine/common": "~2.2",
                "psr/log": "~1.0",
                "symfony/config": "~2.2",
                "symfony/expression-language": "~2.4",
                "symfony/yaml": "~2.0"
            },
            "suggest": {
                "doctrine/common": "",
                "symfony/config": "",
                "symfony/yaml": ""
            },
            "type": "library",
            "extra": {
                "branch-alias": {
                    "dev-master": "2.4-dev"
                }
            },
            "autoload": {
                "psr-0": {
                    "Symfony\\Component\\Routing\\": ""
                }
            },
            "notification-url": "https://packagist.org/downloads/",
            "license": [
                "MIT"
            ],
            "authors": [
                {
                    "name": "Fabien Potencier",
                    "email": "fabien@symfony.com"
                },
                {
                    "name": "Symfony Community",
                    "homepage": "http://symfony.com/contributors"
                }
            ],
            "description": "Symfony Routing Component",
            "homepage": "http://symfony.com",
            "time": "2013-10-16 14:40:12"
        },
        {
            "name": "symfony/twig-bridge",
            "version": "2.1.x-dev",
            "target-dir": "Symfony/Bridge/Twig",
            "source": {
                "type": "git",
                "url": "https://github.com/symfony/TwigBridge.git",
                "reference": "e3a48a99971c35ad8d1c5bf36b6b3d22b15df306"
            },
            "dist": {
                "type": "zip",
                "url": "https://api.github.com/repos/symfony/TwigBridge/zipball/e3a48a99971c35ad8d1c5bf36b6b3d22b15df306",
                "reference": "e3a48a99971c35ad8d1c5bf36b6b3d22b15df306",
                "shasum": ""
            },
            "require": {
                "php": ">=5.3.3",
                "twig/twig": ">=1.9.1,<2.0-dev"
            },
            "require-dev": {
                "symfony/form": "2.1.*",
                "symfony/routing": "2.1.*",
                "symfony/security": "2.1.*",
                "symfony/templating": "2.1.*",
                "symfony/translation": "2.1.*",
                "symfony/yaml": "2.1.*"
            },
            "suggest": {
                "symfony/form": "2.1.*",
                "symfony/routing": "2.1.*",
                "symfony/security": "2.1.*",
                "symfony/templating": "2.1.*",
                "symfony/translation": "2.1.*",
                "symfony/yaml": "2.1.*"
            },
            "type": "symfony-bridge",
            "autoload": {
                "psr-0": {
                    "Symfony\\Bridge\\Twig": ""
                }
            },
            "notification-url": "https://packagist.org/downloads/",
            "license": [
                "MIT"
            ],
            "authors": [
                {
                    "name": "Fabien Potencier",
                    "email": "fabien@symfony.com"
                },
                {
                    "name": "Symfony Community",
                    "homepage": "http://symfony.com/contributors"
                }
            ],
            "description": "Symfony Twig Bridge",
            "homepage": "http://symfony.com",
            "time": "2013-04-22 04:28:40"
        },
        {
            "name": "twig/twig",
            "version": "dev-master",
            "source": {
                "type": "git",
                "url": "https://github.com/fabpot/Twig.git",
                "reference": "726a40a1b407c6f2ae675a25dcb24b8ce024559a"
            },
            "dist": {
                "type": "zip",
                "url": "https://api.github.com/repos/fabpot/Twig/zipball/726a40a1b407c6f2ae675a25dcb24b8ce024559a",
                "reference": "726a40a1b407c6f2ae675a25dcb24b8ce024559a",
                "shasum": ""
            },
            "require": {
                "php": ">=5.2.4"
            },
            "type": "library",
            "extra": {
                "branch-alias": {
                    "dev-master": "1.15-dev"
                }
            },
            "autoload": {
                "psr-0": {
                    "Twig_": "lib/"
                }
            },
            "notification-url": "https://packagist.org/downloads/",
            "license": [
                "BSD-3-Clause"
            ],
            "authors": [
                {
                    "name": "Fabien Potencier",
                    "email": "fabien@symfony.com"
                },
                {
                    "name": "Armin Ronacher",
                    "email": "armin.ronacher@active-4.com"
                }
            ],
            "description": "Twig, the flexible, fast, and secure template language for PHP",
            "homepage": "http://twig.sensiolabs.org",
            "keywords": [
                "templating"
            ],
            "time": "2013-10-31 12:37:55"
        }
    ],
    "packages-dev": [

    ],
    "aliases": [

    ],
    "minimum-stability": "dev",
    "stability-flags": {
        "bshaffer/oauth2-server-php": 20,
        "bshaffer/oauth2-server-httpfoundation-bridge": 20
    },
    "platform": [

    ],
    "platform-dev": [

    ]
}
